<?xml version="1.0" encoding="utf-8"?>
<Project ToolsVersion="12.0" xmlns="http://schemas.microsoft.com/developer/msbuild/2003">
  <ItemGroup>
    <Filter Include="Source Files">
      <UniqueIdentifier>{4FC737F1-C7A5-4376-A066-2A32D752A2FF}</UniqueIdentifier>
      <Extensions>cpp;c;cc;cxx;s</Extensions>
    </Filter>
    <Filter Include="Header Files">
      <UniqueIdentifier>{93995380-89BD-4b04-88EB-625FBE52EBFB}</UniqueIdentifier>
      <Extensions>h;hh;hpp;hxx</Extensions>
    </Filter>
    <Filter Include="Source Files\knx">
      <UniqueIdentifier>{0ee56052-c43f-46b9-ab25-f805ed81e840}</UniqueIdentifier>
    </Filter>
    <Filter Include="Header Files\knx">
      <UniqueIdentifier>{e0ae5c46-92be-4bc5-bcae-4e831818010c}</UniqueIdentifier>
    </Filter>
  </ItemGroup>
  <ItemGroup>
    <Text Include="$(MSBuildThisFileDirectory)library.properties" />
  </ItemGroup>
  <ItemGroup>
    <ClInclude Include="$(MSBuildThisFileDirectory)src\esp_platform.h">
      <Filter>Header Files</Filter>
    </ClInclude>
    <ClInclude Include="$(MSBuildThisFileDirectory)src\knx_esp.h">
      <Filter>Header Files</Filter>
    </ClInclude>
    <ClInclude Include="$(MSBuildThisFileDirectory)src\knx_facade.h">
      <Filter>Header Files</Filter>
    </ClInclude>
    <ClInclude Include="$(MSBuildThisFileDirectory)src\knx\address_table_object.h">
      <Filter>Header Files\knx</Filter>
    </ClInclude>
    <ClInclude Include="$(MSBuildThisFileDirectory)src\knx\apdu.h">
      <Filter>Header Files\knx</Filter>
    </ClInclude>
    <ClInclude Include="$(MSBuildThisFileDirectory)src\knx\application_layer.h">
      <Filter>Header Files\knx</Filter>
    </ClInclude>
    <ClInclude Include="$(MSBuildThisFileDirectory)src\knx\application_program_object.h">
      <Filter>Header Files\knx</Filter>
    </ClInclude>
    <ClInclude Include="$(MSBuildThisFileDirectory)src\knx\association_table_object.h">
      <Filter>Header Files\knx</Filter>
    </ClInclude>
    <ClInclude Include="$(MSBuildThisFileDirectory)src\knx\bau.h">
      <Filter>Header Files\knx</Filter>
    </ClInclude>
    <ClInclude Include="$(MSBuildThisFileDirectory)src\knx\bau57B0.h">
      <Filter>Header Files\knx</Filter>
    </ClInclude>
    <ClInclude Include="$(MSBuildThisFileDirectory)src\knx\bits.h">
      <Filter>Header Files\knx</Filter>
    </ClInclude>
    <ClInclude Include="$(MSBuildThisFileDirectory)src\knx\cemi_frame.h">
      <Filter>Header Files\knx</Filter>
    </ClInclude>
    <ClInclude Include="$(MSBuildThisFileDirectory)src\knx\data_link_layer.h">
      <Filter>Header Files\knx</Filter>
    </ClInclude>
    <ClInclude Include="$(MSBuildThisFileDirectory)src\knx\datapoint_types.h">
      <Filter>Header Files\knx</Filter>
    </ClInclude>
    <ClInclude Include="$(MSBuildThisFileDirectory)src\knx\device_object.h">
      <Filter>Header Files\knx</Filter>
    </ClInclude>
    <ClInclude Include="$(MSBuildThisFileDirectory)src\knx\group_object.h">
      <Filter>Header Files\knx</Filter>
    </ClInclude>
    <ClInclude Include="$(MSBuildThisFileDirectory)src\knx\group_object_table_object.h">
      <Filter>Header Files\knx</Filter>
    </ClInclude>
    <ClInclude Include="$(MSBuildThisFileDirectory)src\knx\interface_object.h">
      <Filter>Header Files\knx</Filter>
    </ClInclude>
    <ClInclude Include="$(MSBuildThisFileDirectory)src\knx\ip_parameter_object.h">
      <Filter>Header Files\knx</Filter>
    </ClInclude>
    <ClInclude Include="$(MSBuildThisFileDirectory)src\knx\knx_types.h">
      <Filter>Header Files\knx</Filter>
    </ClInclude>
    <ClInclude Include="$(MSBuildThisFileDirectory)src\knx\memory.h">
      <Filter>Header Files\knx</Filter>
    </ClInclude>
    <ClInclude Include="$(MSBuildThisFileDirectory)src\knx\network_layer.h">
      <Filter>Header Files\knx</Filter>
    </ClInclude>
    <ClInclude Include="$(MSBuildThisFileDirectory)src\knx\npdu.h">
      <Filter>Header Files\knx</Filter>
    </ClInclude>
    <ClInclude Include="$(MSBuildThisFileDirectory)src\knx\platform.h">
      <Filter>Header Files\knx</Filter>
    </ClInclude>
    <ClInclude Include="$(MSBuildThisFileDirectory)src\knx\property_types.h">
      <Filter>Header Files\knx</Filter>
    </ClInclude>
    <ClInclude Include="$(MSBuildThisFileDirectory)src\knx\save_restore.h">
      <Filter>Header Files\knx</Filter>
    </ClInclude>
    <ClInclude Include="$(MSBuildThisFileDirectory)src\knx\table_object.h">
      <Filter>Header Files\knx</Filter>
    </ClInclude>
    <ClInclude Include="$(MSBuildThisFileDirectory)src\knx\tpdu.h">
      <Filter>Header Files\knx</Filter>
    </ClInclude>
    <ClInclude Include="$(MSBuildThisFileDirectory)src\knx\transport_layer.h">
      <Filter>Header Files\knx</Filter>
    </ClInclude>
    <ClInclude Include="$(MSBuildThisFileDirectory)src\nowifistate.h">
      <Filter>Header Files</Filter>
    </ClInclude>
    <ClInclude Include="$(MSBuildThisFileDirectory)src\programmingmodestate.h">
      <Filter>Header Files</Filter>
    </ClInclude>
    <ClInclude Include="$(MSBuildThisFileDirectory)src\runningstate.h">
      <Filter>Header Files</Filter>
    </ClInclude>
    <ClInclude Include="$(MSBuildThisFileDirectory)src\state.h">
      <Filter>Header Files</Filter>
    </ClInclude>
    <ClInclude Include="$(MSBuildThisFileDirectory)src\wpsstate.h">
      <Filter>Header Files</Filter>
    </ClInclude>
    <ClInclude Include="$(MSBuildThisFileDirectory)src\button.h">
      <Filter>Header Files</Filter>
    </ClInclude>
    <ClInclude Include="$(MSBuildThisFileDirectory)src\led.h">
      <Filter>Header Files</Filter>
    </ClInclude>
  </ItemGroup>
  <ItemGroup>
    <ClCompile Include="$(MSBuildThisFileDirectory)src\esp_platform.cpp">
      <Filter>Source Files</Filter>
    </ClCompile>
    <ClCompile Include="$(MSBuildThisFileDirectory)src\knx_facade.cpp">
      <Filter>Source Files</Filter>
    </ClCompile>
    <ClCompile Include="$(MSBuildThisFileDirectory)src\knx\address_table_object.cpp">
      <Filter>Source Files\knx</Filter>
    </ClCompile>
    <ClCompile Include="$(MSBuildThisFileDirectory)src\knx\apdu.cpp">
      <Filter>Source Files\knx</Filter>
    </ClCompile>
    <ClCompile Include="$(MSBuildThisFileDirectory)src\knx\application_layer.cpp">
      <Filter>Source Files\knx</Filter>
    </ClCompile>
    <ClCompile Include="$(MSBuildThisFileDirectory)src\knx\application_program_object.cpp">
      <Filter>Source Files\knx</Filter>
    </ClCompile>
    <ClCompile Include="$(MSBuildThisFileDirectory)src\knx\association_table_object.cpp">
      <Filter>Source Files\knx</Filter>
    </ClCompile>
    <ClCompile Include="$(MSBuildThisFileDirectory)src\knx\bau.cpp">
      <Filter>Source Files\knx</Filter>
    </ClCompile>
    <ClCompile Include="$(MSBuildThisFileDirectory)src\knx\bau57B0.cpp">
      <Filter>Source Files\knx</Filter>
    </ClCompile>
    <ClCompile Include="$(MSBuildThisFileDirectory)src\knx\bits.cpp">
      <Filter>Source Files\knx</Filter>
    </ClCompile>
    <ClCompile Include="$(MSBuildThisFileDirectory)src\knx\cemi_frame.cpp">
      <Filter>Source Files\knx</Filter>
    </ClCompile>
    <ClCompile Include="$(MSBuildThisFileDirectory)src\knx\data_link_layer.cpp">
      <Filter>Source Files\knx</Filter>
    </ClCompile>
    <ClCompile Include="$(MSBuildThisFileDirectory)src\knx\datapoint_types.cpp">
      <Filter>Source Files\knx</Filter>
    </ClCompile>
    <ClCompile Include="$(MSBuildThisFileDirectory)src\knx\device_object.cpp">
      <Filter>Source Files\knx</Filter>
    </ClCompile>
    <ClCompile Include="$(MSBuildThisFileDirectory)src\knx\group_object.cpp">
      <Filter>Source Files\knx</Filter>
    </ClCompile>
    <ClCompile Include="$(MSBuildThisFileDirectory)src\knx\group_object_table_object.cpp">
      <Filter>Source Files\knx</Filter>
    </ClCompile>
    <ClCompile Include="$(MSBuildThisFileDirectory)src\knx\ip_parameter_object.cpp">
      <Filter>Source Files\knx</Filter>
    </ClCompile>
    <ClCompile Include="$(MSBuildThisFileDirectory)src\knx\memory.cpp">
      <Filter>Source Files\knx</Filter>
    </ClCompile>
    <ClCompile Include="$(MSBuildThisFileDirectory)src\knx\network_layer.cpp">
      <Filter>Source Files\knx</Filter>
    </ClCompile>
    <ClCompile Include="$(MSBuildThisFileDirectory)src\knx\npdu.cpp">
      <Filter>Source Files\knx</Filter>
    </ClCompile>
    <ClCompile Include="$(MSBuildThisFileDirectory)src\knx\table_object.cpp">
      <Filter>Source Files\knx</Filter>
    </ClCompile>
    <ClCompile Include="$(MSBuildThisFileDirectory)src\knx\tpdu.cpp">
      <Filter>Source Files\knx</Filter>
    </ClCompile>
    <ClCompile Include="$(MSBuildThisFileDirectory)src\knx\transport_layer.cpp">
      <Filter>Source Files\knx</Filter>
    </ClCompile>
    <ClCompile Include="$(MSBuildThisFileDirectory)src\nowifistate.cpp">
      <Filter>Source Files</Filter>
    </ClCompile>
    <ClCompile Include="$(MSBuildThisFileDirectory)src\programmingmodestate.cpp">
      <Filter>Source Files</Filter>
    </ClCompile>
    <ClCompile Include="$(MSBuildThisFileDirectory)src\runningstate.cpp">
      <Filter>Source Files</Filter>
    </ClCompile>
    <ClCompile Include="$(MSBuildThisFileDirectory)src\state.cpp">
      <Filter>Source Files</Filter>
    </ClCompile>
    <ClCompile Include="$(MSBuildThisFileDirectory)src\wpsstate.cpp">
      <Filter>Source Files</Filter>
    </ClCompile>
    <ClCompile Include="$(MSBuildThisFileDirectory)src\button.cpp">
      <Filter>Source Files</Filter>
    </ClCompile>
    <ClCompile Include="$(MSBuildThisFileDirectory)src\led.cpp">
      <Filter>Source Files</Filter>
    </ClCompile>
  </ItemGroup>
</Project>