<?xml version="1.0" encoding="utf-8"?>
<Project ToolsVersion="4.0" xmlns="http://schemas.microsoft.com/developer/msbuild/2003">
  <ItemGroup>
    <Filter Include="Source files">
      <UniqueIdentifier>{29de078d-e84a-4e6d-92cb-26384b285546}</UniqueIdentifier>
      <Extensions>cpp;c;cc;cxx;def;odl;idl;hpj;bat;asm;asmx</Extensions>
    </Filter>
    <Filter Include="Header files">
      <UniqueIdentifier>{d598f99b-b8fc-4ed9-8a7e-0a047e95dd6a}</UniqueIdentifier>
      <Extensions>h;hpp;hxx;hm;inl;inc;xsd</Extensions>
    </Filter>
    <Filter Include="Resource files">
      <UniqueIdentifier>{ca59d480-df76-48f4-984e-06d3c358cbc3}</UniqueIdentifier>
      <Extensions>rc;ico;cur;bmp;dlg;rc2;rct;bin;rgs;gif;jpg;jpeg;jpe;resx;tiff;tif;png;wav</Extensions>
    </Filter>
    <Filter Include="VisualGDB settings">
      <UniqueIdentifier>{b4d51fcc-4baa-41f7-a703-7beb0174c220}</UniqueIdentifier>
    </Filter>
    <Filter Include="Header files\knx">
      <UniqueIdentifier>{3dbcfef7-ce75-49d5-bb03-d72ec2dd20bd}</UniqueIdentifier>
    </Filter>
    <Filter Include="Source files\knx">
      <UniqueIdentifier>{726bfac3-c98a-4508-9595-11dab7ffc9d0}</UniqueIdentifier>
    </Filter>
  </ItemGroup>
  <ItemGroup>
    <None Include="CMakeLists.txt">
      <Filter>Source files</Filter>
    </None>
    <None Include="knx-linux-Debug.vgdbsettings">
      <Filter>VisualGDB settings</Filter>
    </None>
  </ItemGroup>
  <ItemGroup>
    <ClInclude Include="..\src\linux_platform.h">
      <Filter>Header files</Filter>
    </ClInclude>
    <ClInclude Include="..\src\knx\address_table_object.h">
      <Filter>Header files\knx</Filter>
    </ClInclude>
    <ClInclude Include="..\src\knx\apdu.h">
      <Filter>Header files\knx</Filter>
    </ClInclude>
    <ClInclude Include="..\src\knx\application_layer.h">
      <Filter>Header files\knx</Filter>
    </ClInclude>
    <ClInclude Include="..\src\knx\application_program_object.h">
      <Filter>Header files\knx</Filter>
    </ClInclude>
    <ClInclude Include="..\src\knx\association_table_object.h">
      <Filter>Header files\knx</Filter>
    </ClInclude>
    <ClInclude Include="..\src\knx\bau.h">
      <Filter>Header files\knx</Filter>
    </ClInclude>
    <ClInclude Include="..\src\knx\bau_systemB.h">
      <Filter>Header files\knx</Filter>
    </ClInclude>
    <ClInclude Include="..\src\knx\bau07B0.h">
      <Filter>Header files\knx</Filter>
    </ClInclude>
    <ClInclude Include="..\src\knx\bau57B0.h">
      <Filter>Header files\knx</Filter>
    </ClInclude>
    <ClInclude Include="..\src\knx\bits.h">
      <Filter>Header files\knx</Filter>
    </ClInclude>
    <ClInclude Include="..\src\knx\cemi_frame.h">
      <Filter>Header files\knx</Filter>
    </ClInclude>
    <ClInclude Include="..\src\knx\data_link_layer.h">
      <Filter>Header files\knx</Filter>
    </ClInclude>
    <ClInclude Include="..\src\knx\device_object.h">
      <Filter>Header files\knx</Filter>
    </ClInclude>
    <ClInclude Include="..\src\knx\group_object.h">
      <Filter>Header files\knx</Filter>
    </ClInclude>
    <ClInclude Include="..\src\knx\group_object_table_object.h">
      <Filter>Header files\knx</Filter>
    </ClInclude>
    <ClInclude Include="..\src\knx\interface_object.h">
      <Filter>Header files\knx</Filter>
    </ClInclude>
    <ClInclude Include="..\src\knx\ip_data_link_layer.h">
      <Filter>Header files\knx</Filter>
    </ClInclude>
    <ClInclude Include="..\src\knx\ip_parameter_object.h">
      <Filter>Header files\knx</Filter>
    </ClInclude>
    <ClInclude Include="..\src\knx\knx_types.h">
      <Filter>Header files\knx</Filter>
    </ClInclude>
    <ClInclude Include="..\src\knx\memory.h">
      <Filter>Header files\knx</Filter>
    </ClInclude>
    <ClInclude Include="..\src\knx\network_layer.h">
      <Filter>Header files\knx</Filter>
    </ClInclude>
    <ClInclude Include="..\src\knx\npdu.h">
      <Filter>Header files\knx</Filter>
    </ClInclude>
    <ClInclude Include="..\src\knx\platform.h">
      <Filter>Header files\knx</Filter>
    </ClInclude>
    <ClInclude Include="..\src\knx\property_types.h">
      <Filter>Header files\knx</Filter>
    </ClInclude>
    <ClInclude Include="..\src\knx\save_restore.h">
      <Filter>Header files\knx</Filter>
    </ClInclude>
    <ClInclude Include="..\src\knx\table_object.h">
      <Filter>Header files\knx</Filter>
    </ClInclude>
    <ClInclude Include="..\src\knx\tpdu.h">
      <Filter>Header files\knx</Filter>
    </ClInclude>
    <ClInclude Include="..\src\knx\tpuart_data_link_layer.h">
      <Filter>Header files\knx</Filter>
    </ClInclude>
    <ClInclude Include="..\src\knx\transport_layer.h">
      <Filter>Header files\knx</Filter>
    </ClInclude>
    <ClInclude Include="..\src\knx_facade.h">
      <Filter>Header files</Filter>
    </ClInclude>
    <ClInclude Include="..\src\knx.h">
      <Filter>Header files</Filter>
    </ClInclude>
    <ClInclude Include="..\src\knx\dptconvert.h">
      <Filter>Header files\knx</Filter>
    </ClInclude>
    <ClInclude Include="..\src\knx\dpt.h">
      <Filter>Header files\knx</Filter>
    </ClInclude>
    <ClInclude Include="..\src\knx\knx_value.h">
      <Filter>Header files\knx</Filter>
    </ClInclude>
  </ItemGroup>
  <ItemGroup>
    <ClCompile Include="..\src\knx\address_table_object.cpp">
      <Filter>Source files\knx</Filter>
    </ClCompile>
    <ClCompile Include="..\src\knx\apdu.cpp">
      <Filter>Source files\knx</Filter>
    </ClCompile>
    <ClCompile Include="..\src\knx\application_layer.cpp">
      <Filter>Source files\knx</Filter>
    </ClCompile>
    <ClCompile Include="..\src\knx\application_program_object.cpp">
      <Filter>Source files\knx</Filter>
    </ClCompile>
    <ClCompile Include="..\src\knx\association_table_object.cpp">
      <Filter>Source files\knx</Filter>
    </ClCompile>
    <ClCompile Include="..\src\knx\bau.cpp">
      <Filter>Source files\knx</Filter>
    </ClCompile>
    <ClCompile Include="..\src\knx\bau_systemB.cpp">
      <Filter>Source files\knx</Filter>
    </ClCompile>
    <ClCompile Include="..\src\knx\bau07B0.cpp">
      <Filter>Source files\knx</Filter>
    </ClCompile>
    <ClCompile Include="..\src\knx\bau57B0.cpp">
      <Filter>Source files\knx</Filter>
    </ClCompile>
    <ClCompile Include="..\src\knx\bits.cpp">
      <Filter>Source files\knx</Filter>
    </ClCompile>
    <ClCompile Include="..\src\knx\cemi_frame.cpp">
      <Filter>Source files\knx</Filter>
    </ClCompile>
    <ClCompile Include="..\src\knx\data_link_layer.cpp">
      <Filter>Source files\knx</Filter>
    </ClCompile>
    <ClCompile Include="..\src\knx\device_object.cpp">
      <Filter>Source files\knx</Filter>
    </ClCompile>
    <ClCompile Include="..\src\knx\group_object.cpp">
      <Filter>Source files\knx</Filter>
    </ClCompile>
    <ClCompile Include="..\src\knx\group_object_table_object.cpp">
      <Filter>Source files\knx</Filter>
    </ClCompile>
    <ClCompile Include="..\src\knx\interface_object.cpp">
      <Filter>Source files\knx</Filter>
    </ClCompile>
    <ClCompile Include="..\src\knx\ip_data_link_layer.cpp">
      <Filter>Source files\knx</Filter>
    </ClCompile>
    <ClCompile Include="..\src\knx\ip_parameter_object.cpp">
      <Filter>Source files\knx</Filter>
    </ClCompile>
    <ClCompile Include="..\src\knx\memory.cpp">
      <Filter>Source files\knx</Filter>
    </ClCompile>
    <ClCompile Include="..\src\knx\network_layer.cpp">
      <Filter>Source files\knx</Filter>
    </ClCompile>
    <ClCompile Include="..\src\knx\npdu.cpp">
      <Filter>Source files\knx</Filter>
    </ClCompile>
    <ClCompile Include="..\src\knx\platform.cpp">
      <Filter>Source files\knx</Filter>
    </ClCompile>
    <ClCompile Include="..\src\knx\table_object.cpp">
      <Filter>Source files\knx</Filter>
    </ClCompile>
    <ClCompile Include="..\src\knx\tpdu.cpp">
      <Filter>Source files\knx</Filter>
    </ClCompile>
    <ClCompile Include="..\src\knx\tpuart_data_link_layer.cpp">
      <Filter>Source files\knx</Filter>
    </ClCompile>
    <ClCompile Include="..\src\knx\transport_layer.cpp">
      <Filter>Source files\knx</Filter>
    </ClCompile>
    <ClCompile Include="..\src\linux_platform.cpp">
      <Filter>Source files</Filter>
    </ClCompile>
    <ClCompile Include="main.cpp">
      <Filter>Source files</Filter>
    </ClCompile>
    <ClCompile Include="..\src\knx_facade.cpp">
      <Filter>Source files</Filter>
    </ClCompile>
    <ClCompile Include="..\src\knx\dptconvert.cpp">
      <Filter>Source files\knx</Filter>
    </ClCompile>
    <ClCompile Include="..\src\knx\dpt.cpp">
      <Filter>Source files\knx</Filter>
    </ClCompile>
    <ClCompile Include="..\src\knx\knx_value.cpp">
      <Filter>Source files\knx</Filter>
    </ClCompile>
  </ItemGroup>
</Project>