Microsoft Visual Studio Solution File, Format Version 12.00
# Visual Studio Version 16
VisualStudioVersion = 16.0.28803.352
MinimumVisualStudioVersion = 10.0.40219.1
Project("{803FD0C6-D64E-4E16-9DC3-1DAEC859A3D2}") = "knx-bme680", "knx-bme680.vgdbproj", "{58AFEECD-06E2-4BB7-A13F-E1D5DBAED13F}"
EndProject
Project("{803FD0C6-D64E-4E16-9DC3-1DAEC859A3D2}") = "knx-demo", "knx-demo.vgdbproj", "{6165CD6A-91A4-49FA-977A-48F22086CA8E}"
EndProject
Project("{803FD0C6-D64E-4E16-9DC3-1DAEC859A3D2}") = "knx-vito", "knx-vito.vgdbproj", "{527A0D25-BC8E-47B8-AA56-BD991BE6CC67}"
EndProject
Project("{8BC9CEB8-8B4A-11D0-8D11-00A0C91BC942}") = "knxPython", "..\knxPython\knxPython.vcxproj", "{68FCB2F7-7A74-43A0-8CBE-36CB25020584}"
EndProject
Project("{803FD0C6-D64E-4E16-9DC3-1DAEC859A3D2}") = "knx-sonoffS20", "knx-sonoffS20.vgdbproj", "{3DB3061B-09A3-4C8B-A197-CBEEB3336437}"
EndProject
Project("{8BC9CEB8-8B4A-11D0-8D11-00A0C91BC942}") = "knx-linux", "..\knx-linux\knx-linux.vcxproj", "{456D87B3-1DFE-4724-BDEF-17E0FDB55A61}"
EndProject
Global
	GlobalSection(SolutionConfigurationPlatforms) = preSolution
		Debug|Arduino Genuino Zero (Native USB Port) = Debug|Arduino Genuino Zero (Native USB Port)
		Debug|Mixed = Debug|Mixed
		Debug|VisualGDB = Debug|VisualGDB
		Debug|x64 = Debug|x64
		Debug|x86 = Debug|x86
		MinSizeRel|Arduino Genuino Zero (Native USB Port) = MinSizeRel|Arduino Genuino Zero (Native USB Port)
		MinSizeRel|Mixed = MinSizeRel|Mixed
		MinSizeRel|VisualGDB = MinSizeRel|VisualGDB
		MinSizeRel|x64 = MinSizeRel|x64
		MinSizeRel|x86 = MinSizeRel|x86
		Release|Arduino Genuino Zero (Native USB Port) = Release|Arduino Genuino Zero (Native USB Port)
		Release|Mixed = Release|Mixed
		Release|VisualGDB = Release|VisualGDB
		Release|x64 = Release|x64
		Release|x86 = Release|x86
		RelWithDebInfo|Arduino Genuino Zero (Native USB Port) = RelWithDebInfo|Arduino Genuino Zero (Native USB Port)
		RelWithDebInfo|Mixed = RelWithDebInfo|Mixed
		RelWithDebInfo|VisualGDB = RelWithDebInfo|VisualGDB
		RelWithDebInfo|x64 = RelWithDebInfo|x64
		RelWithDebInfo|x86 = RelWithDebInfo|x86
	EndGlobalSection
	GlobalSection(ProjectConfigurationPlatforms) = postSolution
		{58AFEECD-06E2-4BB7-A13F-E1D5DBAED13F}.Debug|Arduino Genuino Zero (Native USB Port).ActiveCfg = Debug|Arduino Genuino Zero (Native USB Port)
		{58AFEECD-06E2-4BB7-A13F-E1D5DBAED13F}.Debug|Arduino Genuino Zero (Native USB Port).Build.0 = Debug|Arduino Genuino Zero (Native USB Port)
		{58AFEECD-06E2-4BB7-A13F-E1D5DBAED13F}.Debug|Mixed.ActiveCfg = Debug|Arduino Genuino Zero (Native USB Port)
		{58AFEECD-06E2-4BB7-A13F-E1D5DBAED13F}.Debug|NodeMCU_1 0_(ESP-12E_Module).ActiveCfg = Debug|Arduino Genuino Zero (Native USB Port)
		{58AFEECD-06E2-4BB7-A13F-E1D5DBAED13F}.Debug|VisualGDB.ActiveCfg = Debug|Arduino Genuino Zero (Native USB Port)
		{58AFEECD-06E2-4BB7-A13F-E1D5DBAED13F}.Debug|x64.ActiveCfg = Debug|Arduino Genuino Zero (Native USB Port)
		{58AFEECD-06E2-4BB7-A13F-E1D5DBAED13F}.Debug|x86.ActiveCfg = Debug|Arduino Genuino Zero (Native USB Port)
		{58AFEECD-06E2-4BB7-A13F-E1D5DBAED13F}.MinSizeRel|Arduino Genuino Zero (Native USB Port).ActiveCfg = Release|Arduino Genuino Zero (Native USB Port)
		{58AFEECD-06E2-4BB7-A13F-E1D5DBAED13F}.MinSizeRel|Arduino Genuino Zero (Native USB Port).Build.0 = Release|Arduino Genuino Zero (Native USB Port)
		{58AFEECD-06E2-4BB7-A13F-E1D5DBAED13F}.MinSizeRel|Mixed.ActiveCfg = Release|Arduino Genuino Zero (Native USB Port)
		{58AFEECD-06E2-4BB7-A13F-E1D5DBAED13F}.MinSizeRel|Mixed.Build.0 = Release|Arduino Genuino Zero (Native USB Port)
		{58AFEECD-06E2-4BB7-A13F-E1D5DBAED13F}.MinSizeRel|NodeMCU_1 0_(ESP-12E_Module).ActiveCfg = Release|Arduino Genuino Zero (Native USB Port)
		{58AFEECD-06E2-4BB7-A13F-E1D5DBAED13F}.MinSizeRel|NodeMCU_1 0_(ESP-12E_Module).Build.0 = Release|Arduino Genuino Zero (Native USB Port)
		{58AFEECD-06E2-4BB7-A13F-E1D5DBAED13F}.MinSizeRel|VisualGDB.ActiveCfg = Release|Arduino Genuino Zero (Native USB Port)
		{58AFEECD-06E2-4BB7-A13F-E1D5DBAED13F}.MinSizeRel|VisualGDB.Build.0 = Release|Arduino Genuino Zero (Native USB Port)
		{58AFEECD-06E2-4BB7-A13F-E1D5DBAED13F}.MinSizeRel|x64.ActiveCfg = Release|Arduino Genuino Zero (Native USB Port)
		{58AFEECD-06E2-4BB7-A13F-E1D5DBAED13F}.MinSizeRel|x64.Build.0 = Release|Arduino Genuino Zero (Native USB Port)
		{58AFEECD-06E2-4BB7-A13F-E1D5DBAED13F}.MinSizeRel|x86.ActiveCfg = Release|Arduino Genuino Zero (Native USB Port)
		{58AFEECD-06E2-4BB7-A13F-E1D5DBAED13F}.MinSizeRel|x86.Build.0 = Release|Arduino Genuino Zero (Native USB Port)
		{58AFEECD-06E2-4BB7-A13F-E1D5DBAED13F}.Release|Arduino Genuino Zero (Native USB Port).ActiveCfg = Release|Arduino Genuino Zero (Native USB Port)
		{58AFEECD-06E2-4BB7-A13F-E1D5DBAED13F}.Release|Arduino Genuino Zero (Native USB Port).Build.0 = Release|Arduino Genuino Zero (Native USB Port)
		{58AFEECD-06E2-4BB7-A13F-E1D5DBAED13F}.Release|Mixed.ActiveCfg = Release|Arduino Genuino Zero (Native USB Port)
		{58AFEECD-06E2-4BB7-A13F-E1D5DBAED13F}.Release|NodeMCU_1 0_(ESP-12E_Module).ActiveCfg = Release|Arduino Genuino Zero (Native USB Port)
		{58AFEECD-06E2-4BB7-A13F-E1D5DBAED13F}.Release|VisualGDB.ActiveCfg = Release|Arduino Genuino Zero (Native USB Port)
		{58AFEECD-06E2-4BB7-A13F-E1D5DBAED13F}.Release|x64.ActiveCfg = Release|Arduino Genuino Zero (Native USB Port)
		{58AFEECD-06E2-4BB7-A13F-E1D5DBAED13F}.Release|x86.ActiveCfg = Release|Arduino Genuino Zero (Native USB Port)
		{58AFEECD-06E2-4BB7-A13F-E1D5DBAED13F}.RelWithDebInfo|Arduino Genuino Zero (Native USB Port).ActiveCfg = Release|Arduino Genuino Zero (Native USB Port)
		{58AFEECD-06E2-4BB7-A13F-E1D5DBAED13F}.RelWithDebInfo|Arduino Genuino Zero (Native USB Port).Build.0 = Release|Arduino Genuino Zero (Native USB Port)
		{58AFEECD-06E2-4BB7-A13F-E1D5DBAED13F}.RelWithDebInfo|Mixed.ActiveCfg = Release|Arduino Genuino Zero (Native USB Port)
		{58AFEECD-06E2-4BB7-A13F-E1D5DBAED13F}.RelWithDebInfo|Mixed.Build.0 = Release|Arduino Genuino Zero (Native USB Port)
		{58AFEECD-06E2-4BB7-A13F-E1D5DBAED13F}.RelWithDebInfo|NodeMCU_1 0_(ESP-12E_Module).ActiveCfg = Release|Arduino Genuino Zero (Native USB Port)
		{58AFEECD-06E2-4BB7-A13F-E1D5DBAED13F}.RelWithDebInfo|NodeMCU_1 0_(ESP-12E_Module).Build.0 = Release|Arduino Genuino Zero (Native USB Port)
		{58AFEECD-06E2-4BB7-A13F-E1D5DBAED13F}.RelWithDebInfo|VisualGDB.ActiveCfg = Release|Arduino Genuino Zero (Native USB Port)
		{58AFEECD-06E2-4BB7-A13F-E1D5DBAED13F}.RelWithDebInfo|VisualGDB.Build.0 = Release|Arduino Genuino Zero (Native USB Port)
		{58AFEECD-06E2-4BB7-A13F-E1D5DBAED13F}.RelWithDebInfo|x64.ActiveCfg = Release|Arduino Genuino Zero (Native USB Port)
		{58AFEECD-06E2-4BB7-A13F-E1D5DBAED13F}.RelWithDebInfo|x64.Build.0 = Release|Arduino Genuino Zero (Native USB Port)
		{58AFEECD-06E2-4BB7-A13F-E1D5DBAED13F}.RelWithDebInfo|x86.ActiveCfg = Release|Arduino Genuino Zero (Native USB Port)
		{58AFEECD-06E2-4BB7-A13F-E1D5DBAED13F}.RelWithDebInfo|x86.Build.0 = Release|Arduino Genuino Zero (Native USB Port)
		{6165CD6A-91A4-49FA-977A-48F22086CA8E}.Debug|Arduino Genuino Zero (Native USB Port).ActiveCfg = Debug|Arduino Genuino Zero (Native USB Port)
		{6165CD6A-91A4-49FA-977A-48F22086CA8E}.Debug|Arduino Genuino Zero (Native USB Port).Build.0 = Debug|Arduino Genuino Zero (Native USB Port)
		{6165CD6A-91A4-49FA-977A-48F22086CA8E}.Debug|Mixed.ActiveCfg = Debug|Arduino Genuino Zero (Native USB Port)
		{6165CD6A-91A4-49FA-977A-48F22086CA8E}.Debug|Mixed.Build.0 = Debug|Arduino Genuino Zero (Native USB Port)
		{6165CD6A-91A4-49FA-977A-48F22086CA8E}.Debug|NodeMCU_1 0_(ESP-12E_Module).ActiveCfg = Debug|Arduino Genuino Zero (Native USB Port)
		{6165CD6A-91A4-49FA-977A-48F22086CA8E}.Debug|VisualGDB.ActiveCfg = Debug|Arduino Genuino Zero (Native USB Port)
		{6165CD6A-91A4-49FA-977A-48F22086CA8E}.Debug|x64.ActiveCfg = Debug|Arduino Genuino Zero (Native USB Port)
		{6165CD6A-91A4-49FA-977A-48F22086CA8E}.Debug|x86.ActiveCfg = Debug|Arduino Genuino Zero (Native USB Port)
		{6165CD6A-91A4-49FA-977A-48F22086CA8E}.MinSizeRel|Arduino Genuino Zero (Native USB Port).ActiveCfg = Release|Arduino Genuino Zero (Native USB Port)
		{6165CD6A-91A4-49FA-977A-48F22086CA8E}.MinSizeRel|Arduino Genuino Zero (Native USB Port).Build.0 = Release|Arduino Genuino Zero (Native USB Port)
		{6165CD6A-91A4-49FA-977A-48F22086CA8E}.MinSizeRel|Mixed.ActiveCfg = Release|Arduino Genuino Zero (Native USB Port)
		{6165CD6A-91A4-49FA-977A-48F22086CA8E}.MinSizeRel|Mixed.Build.0 = Release|Arduino Genuino Zero (Native USB Port)
		{6165CD6A-91A4-49FA-977A-48F22086CA8E}.MinSizeRel|NodeMCU_1 0_(ESP-12E_Module).ActiveCfg = Release|Arduino Genuino Zero (Native USB Port)
		{6165CD6A-91A4-49FA-977A-48F22086CA8E}.MinSizeRel|NodeMCU_1 0_(ESP-12E_Module).Build.0 = Release|Arduino Genuino Zero (Native USB Port)
		{6165CD6A-91A4-49FA-977A-48F22086CA8E}.MinSizeRel|VisualGDB.ActiveCfg = Release|Arduino Genuino Zero (Native USB Port)
		{6165CD6A-91A4-49FA-977A-48F22086CA8E}.MinSizeRel|VisualGDB.Build.0 = Release|Arduino Genuino Zero (Native USB Port)
		{6165CD6A-91A4-49FA-977A-48F22086CA8E}.MinSizeRel|x64.ActiveCfg = Release|Arduino Genuino Zero (Native USB Port)
		{6165CD6A-91A4-49FA-977A-48F22086CA8E}.MinSizeRel|x64.Build.0 = Release|Arduino Genuino Zero (Native USB Port)
		{6165CD6A-91A4-49FA-977A-48F22086CA8E}.MinSizeRel|x86.ActiveCfg = Release|Arduino Genuino Zero (Native USB Port)
		{6165CD6A-91A4-49FA-977A-48F22086CA8E}.MinSizeRel|x86.Build.0 = Release|Arduino Genuino Zero (Native USB Port)
		{6165CD6A-91A4-49FA-977A-48F22086CA8E}.Release|Arduino Genuino Zero (Native USB Port).ActiveCfg = Release|Arduino Genuino Zero (Native USB Port)
		{6165CD6A-91A4-49FA-977A-48F22086CA8E}.Release|Arduino Genuino Zero (Native USB Port).Build.0 = Release|Arduino Genuino Zero (Native USB Port)
		{6165CD6A-91A4-49FA-977A-48F22086CA8E}.Release|Mixed.ActiveCfg = Release|Arduino Genuino Zero (Native USB Port)
		{6165CD6A-91A4-49FA-977A-48F22086CA8E}.Release|NodeMCU_1 0_(ESP-12E_Module).ActiveCfg = Release|Arduino Genuino Zero (Native USB Port)
		{6165CD6A-91A4-49FA-977A-48F22086CA8E}.Release|VisualGDB.ActiveCfg = Release|Arduino Genuino Zero (Native USB Port)
		{6165CD6A-91A4-49FA-977A-48F22086CA8E}.Release|x64.ActiveCfg = Release|Arduino Genuino Zero (Native USB Port)
		{6165CD6A-91A4-49FA-977A-48F22086CA8E}.Release|x86.ActiveCfg = Release|Arduino Genuino Zero (Native USB Port)
		{6165CD6A-91A4-49FA-977A-48F22086CA8E}.RelWithDebInfo|Arduino Genuino Zero (Native USB Port).ActiveCfg = Release|Arduino Genuino Zero (Native USB Port)
		{6165CD6A-91A4-49FA-977A-48F22086CA8E}.RelWithDebInfo|Arduino Genuino Zero (Native USB Port).Build.0 = Release|Arduino Genuino Zero (Native USB Port)
		{6165CD6A-91A4-49FA-977A-48F22086CA8E}.RelWithDebInfo|Mixed.ActiveCfg = Release|Arduino Genuino Zero (Native USB Port)
		{6165CD6A-91A4-49FA-977A-48F22086CA8E}.RelWithDebInfo|Mixed.Build.0 = Release|Arduino Genuino Zero (Native USB Port)
		{6165CD6A-91A4-49FA-977A-48F22086CA8E}.RelWithDebInfo|NodeMCU_1 0_(ESP-12E_Module).ActiveCfg = Release|Arduino Genuino Zero (Native USB Port)
		{6165CD6A-91A4-49FA-977A-48F22086CA8E}.RelWithDebInfo|NodeMCU_1 0_(ESP-12E_Module).Build.0 = Release|Arduino Genuino Zero (Native USB Port)
		{6165CD6A-91A4-49FA-977A-48F22086CA8E}.RelWithDebInfo|VisualGDB.ActiveCfg = Release|Arduino Genuino Zero (Native USB Port)
		{6165CD6A-91A4-49FA-977A-48F22086CA8E}.RelWithDebInfo|VisualGDB.Build.0 = Release|Arduino Genuino Zero (Native USB Port)
		{6165CD6A-91A4-49FA-977A-48F22086CA8E}.RelWithDebInfo|x64.ActiveCfg = Release|Arduino Genuino Zero (Native USB Port)
		{6165CD6A-91A4-49FA-977A-48F22086CA8E}.RelWithDebInfo|x64.Build.0 = Release|Arduino Genuino Zero (Native USB Port)
		{6165CD6A-91A4-49FA-977A-48F22086CA8E}.RelWithDebInfo|x86.ActiveCfg = Release|Arduino Genuino Zero (Native USB Port)
		{6165CD6A-91A4-49FA-977A-48F22086CA8E}.RelWithDebInfo|x86.Build.0 = Release|Arduino Genuino Zero (Native USB Port)
		{527A0D25-BC8E-47B8-AA56-BD991BE6CC67}.Debug|Arduino Genuino Zero (Native USB Port).ActiveCfg = Debug|Arduino Genuino Zero (Native USB Port)
		{527A0D25-BC8E-47B8-AA56-BD991BE6CC67}.Debug|Mixed.ActiveCfg = Debug|NodeMCU 1 0 (ESP-12E Module)
		{527A0D25-BC8E-47B8-AA56-BD991BE6CC67}.Debug|NodeMCU_1 0_(ESP-12E_Module).ActiveCfg = Debug|NodeMCU 1 0 (ESP-12E Module)
		{527A0D25-BC8E-47B8-AA56-BD991BE6CC67}.Debug|VisualGDB.ActiveCfg = Debug|NodeMCU 1 0 (ESP-12E Module)
		{527A0D25-BC8E-47B8-AA56-BD991BE6CC67}.Debug|x64.ActiveCfg = Debug|NodeMCU 1 0 (ESP-12E Module)
		{527A0D25-BC8E-47B8-AA56-BD991BE6CC67}.Debug|x86.ActiveCfg = Debug|NodeMCU 1 0 (ESP-12E Module)
		{527A0D25-BC8E-47B8-AA56-BD991BE6CC67}.MinSizeRel|Arduino Genuino Zero (Native USB Port).ActiveCfg = Debug|Arduino Genuino Zero (Native USB Port)
		{527A0D25-BC8E-47B8-AA56-BD991BE6CC67}.MinSizeRel|Arduino Genuino Zero (Native USB Port).Build.0 = Debug|Arduino Genuino Zero (Native USB Port)
		{527A0D25-BC8E-47B8-AA56-BD991BE6CC67}.MinSizeRel|Mixed.ActiveCfg = Release|NodeMCU 1 0 (ESP-12E Module)
		{527A0D25-BC8E-47B8-AA56-BD991BE6CC67}.MinSizeRel|Mixed.Build.0 = Release|NodeMCU 1 0 (ESP-12E Module)
		{527A0D25-BC8E-47B8-AA56-BD991BE6CC67}.MinSizeRel|NodeMCU_1 0_(ESP-12E_Module).ActiveCfg = Release|Arduino Genuino Zero (Native USB Port)
		{527A0D25-BC8E-47B8-AA56-BD991BE6CC67}.MinSizeRel|NodeMCU_1 0_(ESP-12E_Module).Build.0 = Release|Arduino Genuino Zero (Native USB Port)
		{527A0D25-BC8E-47B8-AA56-BD991BE6CC67}.MinSizeRel|VisualGDB.ActiveCfg = Release|Arduino Genuino Zero (Native USB Port)
		{527A0D25-BC8E-47B8-AA56-BD991BE6CC67}.MinSizeRel|VisualGDB.Build.0 = Release|Arduino Genuino Zero (Native USB Port)
		{527A0D25-BC8E-47B8-AA56-BD991BE6CC67}.MinSizeRel|x64.ActiveCfg = Release|Arduino Genuino Zero (Native USB Port)
		{527A0D25-BC8E-47B8-AA56-BD991BE6CC67}.MinSizeRel|x64.Build.0 = Release|Arduino Genuino Zero (Native USB Port)
		{527A0D25-BC8E-47B8-AA56-BD991BE6CC67}.MinSizeRel|x86.ActiveCfg = Release|Arduino Genuino Zero (Native USB Port)
		{527A0D25-BC8E-47B8-AA56-BD991BE6CC67}.MinSizeRel|x86.Build.0 = Release|Arduino Genuino Zero (Native USB Port)
		{527A0D25-BC8E-47B8-AA56-BD991BE6CC67}.Release|Arduino Genuino Zero (Native USB Port).ActiveCfg = Release|Arduino Genuino Zero (Native USB Port)
		{527A0D25-BC8E-47B8-AA56-BD991BE6CC67}.Release|Arduino Genuino Zero (Native USB Port).Build.0 = Release|Arduino Genuino Zero (Native USB Port)
		{527A0D25-BC8E-47B8-AA56-BD991BE6CC67}.Release|Mixed.ActiveCfg = Release|NodeMCU 1 0 (ESP-12E Module)
		{527A0D25-BC8E-47B8-AA56-BD991BE6CC67}.Release|NodeMCU_1 0_(ESP-12E_Module).ActiveCfg = Release|NodeMCU 1 0 (ESP-12E Module)
		{527A0D25-BC8E-47B8-AA56-BD991BE6CC67}.Release|VisualGDB.ActiveCfg = Release|NodeMCU 1 0 (ESP-12E Module)
		{527A0D25-BC8E-47B8-AA56-BD991BE6CC67}.Release|x64.ActiveCfg = Release|Arduino Genuino Zero (Native USB Port)
		{527A0D25-BC8E-47B8-AA56-BD991BE6CC67}.Release|x86.ActiveCfg = Release|Arduino Genuino Zero (Native USB Port)
		{527A0D25-BC8E-47B8-AA56-BD991BE6CC67}.RelWithDebInfo|Arduino Genuino Zero (Native USB Port).ActiveCfg = Release|Arduino Genuino Zero (Native USB Port)
		{527A0D25-BC8E-47B8-AA56-BD991BE6CC67}.RelWithDebInfo|Arduino Genuino Zero (Native USB Port).Build.0 = Release|Arduino Genuino Zero (Native USB Port)
		{527A0D25-BC8E-47B8-AA56-BD991BE6CC67}.RelWithDebInfo|Mixed.ActiveCfg = Release|NodeMCU 1 0 (ESP-12E Module)
		{527A0D25-BC8E-47B8-AA56-BD991BE6CC67}.RelWithDebInfo|Mixed.Build.0 = Release|NodeMCU 1 0 (ESP-12E Module)
		{527A0D25-BC8E-47B8-AA56-BD991BE6CC67}.RelWithDebInfo|NodeMCU_1 0_(ESP-12E_Module).ActiveCfg = Release|Arduino Genuino Zero (Native USB Port)
		{527A0D25-BC8E-47B8-AA56-BD991BE6CC67}.RelWithDebInfo|NodeMCU_1 0_(ESP-12E_Module).Build.0 = Release|Arduino Genuino Zero (Native USB Port)
		{527A0D25-BC8E-47B8-AA56-BD991BE6CC67}.RelWithDebInfo|VisualGDB.ActiveCfg = Release|Arduino Genuino Zero (Native USB Port)
		{527A0D25-BC8E-47B8-AA56-BD991BE6CC67}.RelWithDebInfo|VisualGDB.Build.0 = Release|Arduino Genuino Zero (Native USB Port)
		{527A0D25-BC8E-47B8-AA56-BD991BE6CC67}.RelWithDebInfo|x64.ActiveCfg = Release|Arduino Genuino Zero (Native USB Port)
		{527A0D25-BC8E-47B8-AA56-BD991BE6CC67}.RelWithDebInfo|x64.Build.0 = Release|Arduino Genuino Zero (Native USB Port)
		{527A0D25-BC8E-47B8-AA56-BD991BE6CC67}.RelWithDebInfo|x86.ActiveCfg = Release|Arduino Genuino Zero (Native USB Port)
		{527A0D25-BC8E-47B8-AA56-BD991BE6CC67}.RelWithDebInfo|x86.Build.0 = Release|Arduino Genuino Zero (Native USB Port)
		{68FCB2F7-7A74-43A0-8CBE-36CB25020584}.Debug|Arduino Genuino Zero (Native USB Port).ActiveCfg = Debug|Win32
		{68FCB2F7-7A74-43A0-8CBE-36CB25020584}.Debug|Mixed.ActiveCfg = Debug|Win32
		{68FCB2F7-7A74-43A0-8CBE-36CB25020584}.Debug|Mixed.Build.0 = Debug|Win32
		{68FCB2F7-7A74-43A0-8CBE-36CB25020584}.Debug|NodeMCU_1 0_(ESP-12E_Module).ActiveCfg = Debug|Win32
		{68FCB2F7-7A74-43A0-8CBE-36CB25020584}.Debug|VisualGDB.ActiveCfg = Debug|Win32
		{68FCB2F7-7A74-43A0-8CBE-36CB25020584}.Debug|x64.ActiveCfg = Debug|Win32
		{68FCB2F7-7A74-43A0-8CBE-36CB25020584}.Debug|x86.ActiveCfg = Debug|Win32
		{68FCB2F7-7A74-43A0-8CBE-36CB25020584}.Debug|x86.Build.0 = Debug|Win32
		{68FCB2F7-7A74-43A0-8CBE-36CB25020584}.MinSizeRel|Arduino Genuino Zero (Native USB Port).ActiveCfg = Release|Win32
		{68FCB2F7-7A74-43A0-8CBE-36CB25020584}.MinSizeRel|Arduino Genuino Zero (Native USB Port).Build.0 = Release|Win32
		{68FCB2F7-7A74-43A0-8CBE-36CB25020584}.MinSizeRel|Mixed.ActiveCfg = Release|Win32
		{68FCB2F7-7A74-43A0-8CBE-36CB25020584}.MinSizeRel|Mixed.Build.0 = Release|Win32
		{68FCB2F7-7A74-43A0-8CBE-36CB25020584}.MinSizeRel|NodeMCU_1 0_(ESP-12E_Module).ActiveCfg = Release|Win32
		{68FCB2F7-7A74-43A0-8CBE-36CB25020584}.MinSizeRel|NodeMCU_1 0_(ESP-12E_Module).Build.0 = Release|Win32
		{68FCB2F7-7A74-43A0-8CBE-36CB25020584}.MinSizeRel|VisualGDB.ActiveCfg = Release|Win32
		{68FCB2F7-7A74-43A0-8CBE-36CB25020584}.MinSizeRel|VisualGDB.Build.0 = Release|Win32
		{68FCB2F7-7A74-43A0-8CBE-36CB25020584}.MinSizeRel|x64.ActiveCfg = Release|Win32
		{68FCB2F7-7A74-43A0-8CBE-36CB25020584}.MinSizeRel|x64.Build.0 = Release|Win32
		{68FCB2F7-7A74-43A0-8CBE-36CB25020584}.MinSizeRel|x86.ActiveCfg = Release|Win32
		{68FCB2F7-7A74-43A0-8CBE-36CB25020584}.MinSizeRel|x86.Build.0 = Release|Win32
		{68FCB2F7-7A74-43A0-8CBE-36CB25020584}.Release|Arduino Genuino Zero (Native USB Port).ActiveCfg = Release|Win32
		{68FCB2F7-7A74-43A0-8CBE-36CB25020584}.Release|Mixed.ActiveCfg = Release|Win32
		{68FCB2F7-7A74-43A0-8CBE-36CB25020584}.Release|NodeMCU_1 0_(ESP-12E_Module).ActiveCfg = Release|Win32
		{68FCB2F7-7A74-43A0-8CBE-36CB25020584}.Release|VisualGDB.ActiveCfg = Release|Win32
		{68FCB2F7-7A74-43A0-8CBE-36CB25020584}.Release|x64.ActiveCfg = Release|Win32
		{68FCB2F7-7A74-43A0-8CBE-36CB25020584}.Release|x86.ActiveCfg = Release|Win32
		{68FCB2F7-7A74-43A0-8CBE-36CB25020584}.Release|x86.Build.0 = Release|Win32
		{68FCB2F7-7A74-43A0-8CBE-36CB25020584}.RelWithDebInfo|Arduino Genuino Zero (Native USB Port).ActiveCfg = Release|Win32
		{68FCB2F7-7A74-43A0-8CBE-36CB25020584}.RelWithDebInfo|Arduino Genuino Zero (Native USB Port).Build.0 = Release|Win32
		{68FCB2F7-7A74-43A0-8CBE-36CB25020584}.RelWithDebInfo|Mixed.ActiveCfg = Release|Win32
		{68FCB2F7-7A74-43A0-8CBE-36CB25020584}.RelWithDebInfo|Mixed.Build.0 = Release|Win32
		{68FCB2F7-7A74-43A0-8CBE-36CB25020584}.RelWithDebInfo|NodeMCU_1 0_(ESP-12E_Module).ActiveCfg = Release|Win32
		{68FCB2F7-7A74-43A0-8CBE-36CB25020584}.RelWithDebInfo|NodeMCU_1 0_(ESP-12E_Module).Build.0 = Release|Win32
		{68FCB2F7-7A74-43A0-8CBE-36CB25020584}.RelWithDebInfo|VisualGDB.ActiveCfg = Release|Win32
		{68FCB2F7-7A74-43A0-8CBE-36CB25020584}.RelWithDebInfo|VisualGDB.Build.0 = Release|Win32
		{68FCB2F7-7A74-43A0-8CBE-36CB25020584}.RelWithDebInfo|x64.ActiveCfg = Release|Win32
		{68FCB2F7-7A74-43A0-8CBE-36CB25020584}.RelWithDebInfo|x64.Build.0 = Release|Win32
		{68FCB2F7-7A74-43A0-8CBE-36CB25020584}.RelWithDebInfo|x86.ActiveCfg = Release|Win32
		{68FCB2F7-7A74-43A0-8CBE-36CB25020584}.RelWithDebInfo|x86.Build.0 = Release|Win32
		{3DB3061B-09A3-4C8B-A197-CBEEB3336437}.Debug|Arduino Genuino Zero (Native USB Port).ActiveCfg = Debug|Arduino Genuino Zero (Native USB Port)
		{3DB3061B-09A3-4C8B-A197-CBEEB3336437}.Debug|Mixed.ActiveCfg = Debug|NodeMCU 1 0 (ESP-12E Module)
		{3DB3061B-09A3-4C8B-A197-CBEEB3336437}.Debug|Mixed.Build.0 = Debug|NodeMCU 1 0 (ESP-12E Module)
		{3DB3061B-09A3-4C8B-A197-CBEEB3336437}.Debug|NodeMCU_1 0_(ESP-12E_Module).ActiveCfg = Debug|NodeMCU 1 0 (ESP-12E Module)
		{3DB3061B-09A3-4C8B-A197-CBEEB3336437}.Debug|VisualGDB.ActiveCfg = Debug|Generic ESP8266 Module
		{3DB3061B-09A3-4C8B-A197-CBEEB3336437}.Debug|x64.ActiveCfg = Debug|Generic ESP8266 Module
		{3DB3061B-09A3-4C8B-A197-CBEEB3336437}.Debug|x86.ActiveCfg = Debug|Generic ESP8266 Module
		{3DB3061B-09A3-4C8B-A197-CBEEB3336437}.MinSizeRel|Arduino Genuino Zero (Native USB Port).ActiveCfg = Release|Arduino Genuino Zero (Native USB Port)
		{3DB3061B-09A3-4C8B-A197-CBEEB3336437}.MinSizeRel|Arduino Genuino Zero (Native USB Port).Build.0 = Release|Arduino Genuino Zero (Native USB Port)
		{3DB3061B-09A3-4C8B-A197-CBEEB3336437}.MinSizeRel|Mixed.ActiveCfg = Release|NodeMCU 1 0 (ESP-12E Module)
		{3DB3061B-09A3-4C8B-A197-CBEEB3336437}.MinSizeRel|Mixed.Build.0 = Release|NodeMCU 1 0 (ESP-12E Module)
		{3DB3061B-09A3-4C8B-A197-CBEEB3336437}.MinSizeRel|NodeMCU_1 0_(ESP-12E_Module).ActiveCfg = Release|Generic ESP8266 Module
		{3DB3061B-09A3-4C8B-A197-CBEEB3336437}.MinSizeRel|NodeMCU_1 0_(ESP-12E_Module).Build.0 = Release|Generic ESP8266 Module
		{3DB3061B-09A3-4C8B-A197-CBEEB3336437}.MinSizeRel|VisualGDB.ActiveCfg = Release|Generic ESP8266 Module
		{3DB3061B-09A3-4C8B-A197-CBEEB3336437}.MinSizeRel|VisualGDB.Build.0 = Release|Generic ESP8266 Module
		{3DB3061B-09A3-4C8B-A197-CBEEB3336437}.MinSizeRel|x64.ActiveCfg = Release|Generic ESP8266 Module
		{3DB3061B-09A3-4C8B-A197-CBEEB3336437}.MinSizeRel|x64.Build.0 = Release|Generic ESP8266 Module
		{3DB3061B-09A3-4C8B-A197-CBEEB3336437}.MinSizeRel|x86.ActiveCfg = Release|Generic ESP8266 Module
		{3DB3061B-09A3-4C8B-A197-CBEEB3336437}.MinSizeRel|x86.Build.0 = Release|Generic ESP8266 Module
		{3DB3061B-09A3-4C8B-A197-CBEEB3336437}.Release|Arduino Genuino Zero (Native USB Port).ActiveCfg = Release|Arduino Genuino Zero (Native USB Port)
		{3DB3061B-09A3-4C8B-A197-CBEEB3336437}.Release|Arduino Genuino Zero (Native USB Port).Build.0 = Release|Arduino Genuino Zero (Native USB Port)
		{3DB3061B-09A3-4C8B-A197-CBEEB3336437}.Release|Mixed.ActiveCfg = Release|NodeMCU 1 0 (ESP-12E Module)
		{3DB3061B-09A3-4C8B-A197-CBEEB3336437}.Release|NodeMCU_1 0_(ESP-12E_Module).ActiveCfg = Release|NodeMCU 1 0 (ESP-12E Module)
		{3DB3061B-09A3-4C8B-A197-CBEEB3336437}.Release|VisualGDB.ActiveCfg = Release|Generic ESP8266 Module
		{3DB3061B-09A3-4C8B-A197-CBEEB3336437}.Release|x64.ActiveCfg = Release|Generic ESP8266 Module
		{3DB3061B-09A3-4C8B-A197-CBEEB3336437}.Release|x86.ActiveCfg = Release|Generic ESP8266 Module
		{3DB3061B-09A3-4C8B-A197-CBEEB3336437}.RelWithDebInfo|Arduino Genuino Zero (Native USB Port).ActiveCfg = Release|Arduino Genuino Zero (Native USB Port)
		{3DB3061B-09A3-4C8B-A197-CBEEB3336437}.RelWithDebInfo|Arduino Genuino Zero (Native USB Port).Build.0 = Release|Arduino Genuino Zero (Native USB Port)
		{3DB3061B-09A3-4C8B-A197-CBEEB3336437}.RelWithDebInfo|Mixed.ActiveCfg = Release|NodeMCU 1 0 (ESP-12E Module)
		{3DB3061B-09A3-4C8B-A197-CBEEB3336437}.RelWithDebInfo|Mixed.Build.0 = Release|NodeMCU 1 0 (ESP-12E Module)
		{3DB3061B-09A3-4C8B-A197-CBEEB3336437}.RelWithDebInfo|NodeMCU_1 0_(ESP-12E_Module).ActiveCfg = Release|Generic ESP8266 Module
		{3DB3061B-09A3-4C8B-A197-CBEEB3336437}.RelWithDebInfo|NodeMCU_1 0_(ESP-12E_Module).Build.0 = Release|Generic ESP8266 Module
		{3DB3061B-09A3-4C8B-A197-CBEEB3336437}.RelWithDebInfo|VisualGDB.ActiveCfg = Release|Generic ESP8266 Module
		{3DB3061B-09A3-4C8B-A197-CBEEB3336437}.RelWithDebInfo|VisualGDB.Build.0 = Release|Generic ESP8266 Module
		{3DB3061B-09A3-4C8B-A197-CBEEB3336437}.RelWithDebInfo|x64.ActiveCfg = Release|Generic ESP8266 Module
		{3DB3061B-09A3-4C8B-A197-CBEEB3336437}.RelWithDebInfo|x64.Build.0 = Release|Generic ESP8266 Module
		{3DB3061B-09A3-4C8B-A197-CBEEB3336437}.RelWithDebInfo|x86.ActiveCfg = Release|Generic ESP8266 Module
		{3DB3061B-09A3-4C8B-A197-CBEEB3336437}.RelWithDebInfo|x86.Build.0 = Release|Generic ESP8266 Module
		{456D87B3-1DFE-4724-BDEF-17E0FDB55A61}.Debug|Arduino Genuino Zero (Native USB Port).ActiveCfg = Debug|Win32
		{456D87B3-1DFE-4724-BDEF-17E0FDB55A61}.Debug|Mixed.ActiveCfg = Debug|Win32
		{456D87B3-1DFE-4724-BDEF-17E0FDB55A61}.Debug|NodeMCU_1 0_(ESP-12E_Module).ActiveCfg = Debug|Win32
		{456D87B3-1DFE-4724-BDEF-17E0FDB55A61}.Debug|VisualGDB.ActiveCfg = Debug|Win32
		{456D87B3-1DFE-4724-BDEF-17E0FDB55A61}.Debug|x64.ActiveCfg = Debug|Win32
		{456D87B3-1DFE-4724-BDEF-17E0FDB55A61}.Debug|x86.ActiveCfg = Debug|Win32
		{456D87B3-1DFE-4724-BDEF-17E0FDB55A61}.Debug|x86.Build.0 = Debug|Win32
		{456D87B3-1DFE-4724-BDEF-17E0FDB55A61}.MinSizeRel|Arduino Genuino Zero (Native USB Port).ActiveCfg = Release|Win32
		{456D87B3-1DFE-4724-BDEF-17E0FDB55A61}.MinSizeRel|Arduino Genuino Zero (Native USB Port).Build.0 = Release|Win32
		{456D87B3-1DFE-4724-BDEF-17E0FDB55A61}.MinSizeRel|Mixed.ActiveCfg = Release|Win32
		{456D87B3-1DFE-4724-BDEF-17E0FDB55A61}.MinSizeRel|Mixed.Build.0 = Release|Win32
		{456D87B3-1DFE-4724-BDEF-17E0FDB55A61}.MinSizeRel|NodeMCU_1 0_(ESP-12E_Module).ActiveCfg = Release|Win32
		{456D87B3-1DFE-4724-BDEF-17E0FDB55A61}.MinSizeRel|NodeMCU_1 0_(ESP-12E_Module).Build.0 = Release|Win32
		{456D87B3-1DFE-4724-BDEF-17E0FDB55A61}.MinSizeRel|VisualGDB.ActiveCfg = Release|Win32
		{456D87B3-1DFE-4724-BDEF-17E0FDB55A61}.MinSizeRel|VisualGDB.Build.0 = Release|Win32
		{456D87B3-1DFE-4724-BDEF-17E0FDB55A61}.MinSizeRel|x64.ActiveCfg = Release|Win32
		{456D87B3-1DFE-4724-BDEF-17E0FDB55A61}.MinSizeRel|x64.Build.0 = Release|Win32
		{456D87B3-1DFE-4724-BDEF-17E0FDB55A61}.MinSizeRel|x86.ActiveCfg = Release|Win32
		{456D87B3-1DFE-4724-BDEF-17E0FDB55A61}.MinSizeRel|x86.Build.0 = Release|Win32
		{456D87B3-1DFE-4724-BDEF-17E0FDB55A61}.Release|Arduino Genuino Zero (Native USB Port).ActiveCfg = Release|Win32
		{456D87B3-1DFE-4724-BDEF-17E0FDB55A61}.Release|Mixed.ActiveCfg = Release|Win32
		{456D87B3-1DFE-4724-BDEF-17E0FDB55A61}.Release|NodeMCU_1 0_(ESP-12E_Module).ActiveCfg = Release|Win32
		{456D87B3-1DFE-4724-BDEF-17E0FDB55A61}.Release|VisualGDB.ActiveCfg = Release|Win32
		{456D87B3-1DFE-4724-BDEF-17E0FDB55A61}.Release|x64.ActiveCfg = Release|Win32
		{456D87B3-1DFE-4724-BDEF-17E0FDB55A61}.Release|x86.ActiveCfg = Release|Win32
		{456D87B3-1DFE-4724-BDEF-17E0FDB55A61}.Release|x86.Build.0 = Release|Win32
		{456D87B3-1DFE-4724-BDEF-17E0FDB55A61}.RelWithDebInfo|Arduino Genuino Zero (Native USB Port).ActiveCfg = Release|Win32
		{456D87B3-1DFE-4724-BDEF-17E0FDB55A61}.RelWithDebInfo|Arduino Genuino Zero (Native USB Port).Build.0 = Release|Win32
		{456D87B3-1DFE-4724-BDEF-17E0FDB55A61}.RelWithDebInfo|Mixed.ActiveCfg = Release|Win32
		{456D87B3-1DFE-4724-BDEF-17E0FDB55A61}.RelWithDebInfo|Mixed.Build.0 = Release|Win32
		{456D87B3-1DFE-4724-BDEF-17E0FDB55A61}.RelWithDebInfo|NodeMCU_1 0_(ESP-12E_Module).ActiveCfg = Release|Win32
		{456D87B3-1DFE-4724-BDEF-17E0FDB55A61}.RelWithDebInfo|NodeMCU_1 0_(ESP-12E_Module).Build.0 = Release|Win32
		{456D87B3-1DFE-4724-BDEF-17E0FDB55A61}.RelWithDebInfo|VisualGDB.ActiveCfg = Release|Win32
		{456D87B3-1DFE-4724-BDEF-17E0FDB55A61}.RelWithDebInfo|VisualGDB.Build.0 = Release|Win32
		{456D87B3-1DFE-4724-BDEF-17E0FDB55A61}.RelWithDebInfo|x64.ActiveCfg = Release|Win32
		{456D87B3-1DFE-4724-BDEF-17E0FDB55A61}.RelWithDebInfo|x64.Build.0 = Release|Win32
		{456D87B3-1DFE-4724-BDEF-17E0FDB55A61}.RelWithDebInfo|x86.ActiveCfg = Release|Win32
		{456D87B3-1DFE-4724-BDEF-17E0FDB55A61}.RelWithDebInfo|x86.Build.0 = Release|Win32
	EndGlobalSection
	GlobalSection(SolutionProperties) = preSolution
		HideSolutionNode = FALSE
	EndGlobalSection
	GlobalSection(ExtensibilityGlobals) = postSolution
		SolutionGuid = {721CAB98-83F8-4035-AC23-77AEA55B634D}
	EndGlobalSection
EndGlobal
